dependencies:
- name: postgresql
  repository: file://dependency_charts/postgresql
  version: 8.1.3
- name: redis
  repository: file://dependency_charts/redis
  version: 8.0.1
- name: elasticsearch
  repository: file://dependency_charts/elasticsearch
  version: 7.5.1
digest: sha256:d6597829e188f2ce3cc14c2d4584ee92ccdfd529c10b1305d3375e8bf4b8268e
generated: "2021-09-13T21:57:07.331609+02:00"
