{
  "version": 4,
  "terraform_version": "1.1.0",
  "serial": 7,
  "lineage": "1dcf886b-6106-4cc8-6a31-604dcf046667",
  "outputs": {},
  "resources": [
    {
      "mode": "data",
      "type": "digitalocean_kubernetes_versions",
      "name": "cognodes",
      "provider": "provider[\"registry.terraform.io/digitalocean/digitalocean\"]",
      "instances": [
        {
          "schema_version": 0,
          "attributes": {
            "id": "terraform-20211213003346966200000001",
            "latest_version": "1.19.15-do.0",
            "valid_versions": [
              "1.19.15-do.0"
            ],
            "version_prefix": "1.19."
          },
          "sensitive_attributes": []
        }
      ]
    },
    {
      "mode": "managed",
      "type": "digitalocean_kubernetes_cluster",
      "name": "cognodes",
      "provider": "provider[\"registry.terraform.io/digitalocean/digitalocean\"]",
      "instances": [
        {
          "schema_version": 3,
          "attributes": {
            "auto_upgrade": false,
            "cluster_subnet": "10.244.0.0/16",
            "created_at": "2020-09-19 00:31:25 +0000 UTC",
            "endpoint": "https://a3e1e65a-5166-466a-8327-c90b3f6e426a.k8s.ondigitalocean.com",
            "ha": false,
            "id": "a3e1e65a-5166-466a-8327-c90b3f6e426a",
            "ipv4_address": "164.90.167.255",
            "kube_config": [
              {
                "client_certificate": "",
                "client_key": "",
                "cluster_ca_certificate": "LS0tLS1CRUdJTiBDRVJUSUZJQ0FURS0tLS0tCk1JSURKekNDQWcrZ0F3SUJBZ0lDQm5Vd0RRWUpLb1pJaHZjTkFRRUxCUUF3TXpFVk1CTUdBMVVFQ2hNTVJHbG4KYVhSaGJFOWpaV0Z1TVJvd0dBWURWUVFERXhGck9ITmhZWE1nUTJ4MWMzUmxjaUJEUVRBZUZ3MHlNREE1TVRrdwpNRE14TXpGYUZ3MDBNREE1TVRrd01ETXhNekZhTURNeEZUQVRCZ05WQkFvVERFUnBaMmwwWVd4UFkyVmhiakVhCk1CZ0dBMVVFQXhNUmF6aHpZV0Z6SUVOc2RYTjBaWElnUTBFd2dnRWlNQTBHQ1NxR1NJYjNEUUVCQVFVQUE0SUIKRHdBd2dnRUtBb0lCQVFDY2lBc1ZLSFYyb3N1aDZHK1oxYXJqOWEwSUo3c2k0dFBRZ2diNkpPWGFIdVU2UDhoaApSUmljZlZMNTdZeGFlUGZvZ05SMWE2T2JZUUhnOGk3dnppRldMVXFxUUV6eTdKU2xaYnJaK282T2xvOS9DbGVtCnlZWE4zY0JEaWN2UmV5YmU5ZUtGME5Oek5wYjNHZzluaEtHd2RSV1dGbklPQmI1bzNtTGN3dWxhNTJDQXNHREcKMUZLS014ZEtveUJpc1NnVEFWQU9ORmhYdDRwbEFUdFFTZ0s4SkdQZjFSNjlRMitiWVlqUTFWYmM2cmwvSlR1ZAp3U0VSSStWVHBvaU83T0ROMkRmS3lWUDJvZzlYVUkzQWZTRitKQWhocjg3QXFwM0hWWTBEK0tydDhCT0NkSG9sClo1L25lb0RIRnYyOEtJZUV6UU9OVlFLUnB0ckFrSk0yWkhpTkFnTUJBQUdqUlRCRE1BNEdBMVVkRHdFQi93UUUKQXdJQmhqQVNCZ05WSFJNQkFmOEVDREFHQVFIL0FnRUFNQjBHQTFVZERnUVdCQlFqb2RjeTJFUHJvak5NMmZ1MQovTzhtQ3JqS2dqQU5CZ2txaGtpRzl3MEJBUXNGQUFPQ0FRRUFnNHBRM2w0T2NNQVlSVUNHRDBhblhSdCtiamZUClBna1AwYm1Yc1dXTXcwSFZNYTh3cTdBQkdncTVZUG9OazZXRnhwNzR6WWU3b1dkc1hqdlFuOC8waVFtTHFlS0YKUDhFcERpdWVlZGg4eTlRa2dJVkp6N29lN0hWNkZKcGJjdm8yUUtOZDdscjQyOUQ5ZUZGVjM1ZzJ4U1lUZHFFTwpxYkQvSHFFN2g0VWFMaEFoOHlpcGE3clRsUi9ub213MFpSZWZUeW1DVFhVdE50SEVRV0JIeUJXNnVFV241YlhiCnpDRmZJdEpiQjF0UXFkdzJ4aFE4cEJ1bHZGSzJTUGprTUdWdERxY2w0clFDdWJBUVcwWVBRd3BLajdjditXd3EKZWtOeDRhQUs5NGs0NGUrNC9nTzVGckJUdHJKMjJaMkRXeHFaVDJXQzNBQlEreUFKTndFL3YwcTdhdz09Ci0tLS0tRU5EIENFUlRJRklDQVRFLS0tLS0K",
                "expires_at": "2021-12-20T00:30:59Z",
                "host": "https://a3e1e65a-5166-466a-8327-c90b3f6e426a.k8s.ondigitalocean.com",
                "raw_config": "apiVersion: v1\nkind: Config\nclusters:\n- cluster:\n    certificate-authority-data: LS0tLS1CRUdJTiBDRVJUSUZJQ0FURS0tLS0tCk1JSURKekNDQWcrZ0F3SUJBZ0lDQm5Vd0RRWUpLb1pJaHZjTkFRRUxCUUF3TXpFVk1CTUdBMVVFQ2hNTVJHbG4KYVhSaGJFOWpaV0Z1TVJvd0dBWURWUVFERXhGck9ITmhZWE1nUTJ4MWMzUmxjaUJEUVRBZUZ3MHlNREE1TVRrdwpNRE14TXpGYUZ3MDBNREE1TVRrd01ETXhNekZhTURNeEZUQVRCZ05WQkFvVERFUnBaMmwwWVd4UFkyVmhiakVhCk1CZ0dBMVVFQXhNUmF6aHpZV0Z6SUVOc2RYTjBaWElnUTBFd2dnRWlNQTBHQ1NxR1NJYjNEUUVCQVFVQUE0SUIKRHdBd2dnRUtBb0lCQVFDY2lBc1ZLSFYyb3N1aDZHK1oxYXJqOWEwSUo3c2k0dFBRZ2diNkpPWGFIdVU2UDhoaApSUmljZlZMNTdZeGFlUGZvZ05SMWE2T2JZUUhnOGk3dnppRldMVXFxUUV6eTdKU2xaYnJaK282T2xvOS9DbGVtCnlZWE4zY0JEaWN2UmV5YmU5ZUtGME5Oek5wYjNHZzluaEtHd2RSV1dGbklPQmI1bzNtTGN3dWxhNTJDQXNHREcKMUZLS014ZEtveUJpc1NnVEFWQU9ORmhYdDRwbEFUdFFTZ0s4SkdQZjFSNjlRMitiWVlqUTFWYmM2cmwvSlR1ZAp3U0VSSStWVHBvaU83T0ROMkRmS3lWUDJvZzlYVUkzQWZTRitKQWhocjg3QXFwM0hWWTBEK0tydDhCT0NkSG9sClo1L25lb0RIRnYyOEtJZUV6UU9OVlFLUnB0ckFrSk0yWkhpTkFnTUJBQUdqUlRCRE1BNEdBMVVkRHdFQi93UUUKQXdJQmhqQVNCZ05WSFJNQkFmOEVDREFHQVFIL0FnRUFNQjBHQTFVZERnUVdCQlFqb2RjeTJFUHJvak5NMmZ1MQovTzhtQ3JqS2dqQU5CZ2txaGtpRzl3MEJBUXNGQUFPQ0FRRUFnNHBRM2w0T2NNQVlSVUNHRDBhblhSdCtiamZUClBna1AwYm1Yc1dXTXcwSFZNYTh3cTdBQkdncTVZUG9OazZXRnhwNzR6WWU3b1dkc1hqdlFuOC8waVFtTHFlS0YKUDhFcERpdWVlZGg4eTlRa2dJVkp6N29lN0hWNkZKcGJjdm8yUUtOZDdscjQyOUQ5ZUZGVjM1ZzJ4U1lUZHFFTwpxYkQvSHFFN2g0VWFMaEFoOHlpcGE3clRsUi9ub213MFpSZWZUeW1DVFhVdE50SEVRV0JIeUJXNnVFV241YlhiCnpDRmZJdEpiQjF0UXFkdzJ4aFE4cEJ1bHZGSzJTUGprTUdWdERxY2w0clFDdWJBUVcwWVBRd3BLajdjditXd3EKZWtOeDRhQUs5NGs0NGUrNC9nTzVGckJUdHJKMjJaMkRXeHFaVDJXQzNBQlEreUFKTndFL3YwcTdhdz09Ci0tLS0tRU5EIENFUlRJRklDQVRFLS0tLS0K\n    server: https://a3e1e65a-5166-466a-8327-c90b3f6e426a.k8s.ondigitalocean.com\n  name: do-fra1-falcaoit-prod\ncontexts:\n- context:\n    cluster: do-fra1-falcaoit-prod\n    user: do-fra1-falcaoit-prod-admin\n  name: do-fra1-falcaoit-prod\ncurrent-context: do-fra1-falcaoit-prod\nusers:\n- name: do-fra1-falcaoit-prod-admin\n  user:\n    token: 44e91079b10e0ea2871a593aa360fa5c590f74bad737a2b79b4824136304bb8a\n",
                "token": "44e91079b10e0ea2871a593aa360fa5c590f74bad737a2b79b4824136304bb8a"
              }
            ],
            "maintenance_policy": [
              {
                "day": "any",
                "duration": "4h0m0s",
                "start_time": "8:00"
              }
            ],
            "name": "pool-cognodes",
            "node_pool": [
              {
                "actual_node_count": 2,
                "auto_scale": true,
                "id": "b1c01076-6170-434f-b5e8-0e596d11a397",
                "labels": {},
                "max_nodes": 3,
                "min_nodes": 2,
                "name": "pool-cognodes",
                "node_count": 0,
                "nodes": [
                  {
                    "created_at": "2021-10-23 08:07:43 +0000 UTC",
                    "droplet_id": "270512997",
                    "id": "59a6e5e5-5070-4bcd-b8be-93eb78b6b233",
                    "name": "pool-cognodes-u7hsq",
                    "status": "running",
                    "updated_at": "2021-10-23 08:07:53 +0000 UTC"
                  },
                  {
                    "created_at": "2021-10-23 08:13:06 +0000 UTC",
                    "droplet_id": "270513345",
                    "id": "052b7c0b-225b-419b-8afd-83d7070c88ee",
                    "name": "pool-cognodes-u7h5j",
                    "status": "running",
                    "updated_at": "2021-10-23 08:13:47 +0000 UTC"
                  }
                ],
                "size": "s-1vcpu-2gb",
                "tags": [],
                "taint": []
              }
            ],
            "region": "fra1",
            "service_subnet": "10.245.0.0/16",
            "status": "upgrading",
            "surge_upgrade": true,
            "tags": [
              "cognodes",
              "pythonclinic",
              "visualcues"
            ],
            "timeouts": {
              "create": null
            },
            "updated_at": "2021-12-13 00:34:05 +0000 UTC",
            "urn": "do:kubernetes:a3e1e65a-5166-466a-8327-c90b3f6e426a",
            "version": "1.19.15-do.0",
            "vpc_uuid": "f6e022f3-dc84-11e8-8b13-3cfdfea9f160"
          },
          "sensitive_attributes": [],
          "private": "eyJlMmJmYjczMC1lY2FhLTExZTYtOGY4OC0zNDM2M2JjN2M0YzAiOnsiY3JlYXRlIjoxODAwMDAwMDAwMDAwfSwic2NoZW1hX3ZlcnNpb24iOiIzIn0=",
          "dependencies": [
            "data.digitalocean_kubernetes_versions.cognodes"
          ]
        }
      ]
    },
    {
      "mode": "managed",
      "type": "digitalocean_vpc",
      "name": "default_ams3",
      "provider": "provider[\"registry.terraform.io/digitalocean/digitalocean\"]",
      "instances": [
        {
          "schema_version": 0,
          "attributes": {
            "created_at": "2019-03-12 16:34:48 +0000 UTC",
            "default": true,
            "description": "",
            "id": "b7a49eaa-dc83-11e8-a3da-3cfdfea9f0d8",
            "ip_range": "10.133.0.0/16",
            "name": "default-ams3",
            "region": "ams3",
            "timeouts": {
              "delete": null
            },
            "urn": "do:vpc:b7a49eaa-dc83-11e8-a3da-3cfdfea9f0d8"
          },
          "sensitive_attributes": [],
          "private": "eyJlMmJmYjczMC1lY2FhLTExZTYtOGY4OC0zNDM2M2JjN2M0YzAiOnsiZGVsZXRlIjoxMjAwMDAwMDAwMDB9LCJzY2hlbWFfdmVyc2lvbiI6IjAifQ=="
        }
      ]
    },
    {
      "mode": "managed",
      "type": "digitalocean_vpc",
      "name": "default_fra1",
      "provider": "provider[\"registry.terraform.io/digitalocean/digitalocean\"]",
      "instances": [
        {
          "schema_version": 0,
          "attributes": {
            "created_at": "2019-02-27 01:15:18 +0000 UTC",
            "default": true,
            "description": "",
            "id": "f6e022f3-dc84-11e8-8b13-3cfdfea9f160",
            "ip_range": "10.135.0.0/16",
            "name": "default-fra1",
            "region": "fra1",
            "timeouts": {
              "delete": null
            },
            "urn": "do:vpc:f6e022f3-dc84-11e8-8b13-3cfdfea9f160"
          },
          "sensitive_attributes": [],
          "private": "eyJlMmJmYjczMC1lY2FhLTExZTYtOGY4OC0zNDM2M2JjN2M0YzAiOnsiZGVsZXRlIjoxMjAwMDAwMDAwMDB9LCJzY2hlbWFfdmVyc2lvbiI6IjAifQ=="
        }
      ]
    },
    {
      "mode": "managed",
      "type": "digitalocean_vpc",
      "name": "default_nyc1",
      "provider": "provider[\"registry.terraform.io/digitalocean/digitalocean\"]",
      "instances": [
        {
          "schema_version": 0,
          "attributes": {
            "created_at": "2021-06-24 10:17:12 +0000 UTC",
            "default": true,
            "description": "",
            "id": "fc7eaea7-d57d-488a-af9a-a12704aa0b82",
            "ip_range": "10.116.0.0/20",
            "name": "default-nyc1",
            "region": "nyc1",
            "timeouts": {
              "delete": null
            },
            "urn": "do:vpc:fc7eaea7-d57d-488a-af9a-a12704aa0b82"
          },
          "sensitive_attributes": [],
          "private": "eyJlMmJmYjczMC1lY2FhLTExZTYtOGY4OC0zNDM2M2JjN2M0YzAiOnsiZGVsZXRlIjoxMjAwMDAwMDAwMDB9LCJzY2hlbWFfdmVyc2lvbiI6IjAifQ=="
        }
      ]
    },
    {
      "mode": "managed",
      "type": "digitalocean_vpc",
      "name": "default_nyc3",
      "provider": "provider[\"registry.terraform.io/digitalocean/digitalocean\"]",
      "instances": [
        {
          "schema_version": 0,
          "attributes": {
            "created_at": "2019-03-08 19:29:39 +0000 UTC",
            "default": true,
            "description": "",
            "id": "9ae56af2-dc84-11e8-80bc-3cfdfea9fba1",
            "ip_range": "10.132.0.0/16",
            "name": "default-nyc3",
            "region": "nyc3",
            "timeouts": {
              "delete": null
            },
            "urn": "do:vpc:9ae56af2-dc84-11e8-80bc-3cfdfea9fba1"
          },
          "sensitive_attributes": [],
          "private": "eyJlMmJmYjczMC1lY2FhLTExZTYtOGY4OC0zNDM2M2JjN2M0YzAiOnsiZGVsZXRlIjoxMjAwMDAwMDAwMDB9LCJzY2hlbWFfdmVyc2lvbiI6IjAifQ=="
        }
      ]
    }
  ]
}
